
Microsoft Visual Studio Solution File, Format Version 12.00
# Visual Studio Version 17
VisualStudioVersion = 17.0.31903.59
MinimumVisualStudioVersion = 10.0.40219.1
Project("{FAE04EC0-301F-11D3-BF4B-00C04F79EFBC}") = "OpenIddictDemo.Server", "OpenIddictDemo.Server\OpenIddictDemo.Server.csproj", "{5FAE6873-D6BD-400A-BF08-1E61ECD6356A}"
EndProject
Project("{FAE04EC0-301F-11D3-BF4B-00C04F79EFBC}") = "OpenIddictDemo.Models", "OpenIddictDemo.Models\OpenIddictDemo.Models.csproj", "{D2AD2EBB-EE8C-4D43-A327-CF9241EBD76C}"
EndProject
Project("{FAE04EC0-301F-11D3-BF4B-00C04F79EFBC}") = "OpenIddictDemo.Data", "OpenIddictDemo.Data\OpenIddictDemo.Data.csproj", "{7FED0CB3-32F8-42FE-87AD-535403CCF519}"
EndProject
Project("{FAE04EC0-301F-11D3-BF4B-00C04F79EFBC}") = "OpenIddictDemo.Client", "OpenIddictDemo.Client\OpenIddictDemo.Client.csproj", "{3706A5C4-55CC-4A95-AA16-9B3A101685B5}"
EndProject
Project("{FAE04EC0-301F-11D3-BF4B-00C04F79EFBC}") = "GenerateCertificate", "GenerateCertificate\GenerateCertificate.csproj", "{547F3063-219F-4694-8CD5-1FCF2E9BBD76}"
EndProject
Global
	GlobalSection(SolutionConfigurationPlatforms) = preSolution
		Debug|Any CPU = Debug|Any CPU
		Release|Any CPU = Release|Any CPU
	EndGlobalSection
	GlobalSection(ProjectConfigurationPlatforms) = postSolution
		{5FAE6873-D6BD-400A-BF08-1E61ECD6356A}.Debug|Any CPU.ActiveCfg = Debug|Any CPU
		{5FAE6873-D6BD-400A-BF08-1E61ECD6356A}.Debug|Any CPU.Build.0 = Debug|Any CPU
		{5FAE6873-D6BD-400A-BF08-1E61ECD6356A}.Release|Any CPU.ActiveCfg = Release|Any CPU
		{5FAE6873-D6BD-400A-BF08-1E61ECD6356A}.Release|Any CPU.Build.0 = Release|Any CPU
		{D2AD2EBB-EE8C-4D43-A327-CF9241EBD76C}.Debug|Any CPU.ActiveCfg = Debug|Any CPU
		{D2AD2EBB-EE8C-4D43-A327-CF9241EBD76C}.Debug|Any CPU.Build.0 = Debug|Any CPU
		{D2AD2EBB-EE8C-4D43-A327-CF9241EBD76C}.Release|Any CPU.ActiveCfg = Release|Any CPU
		{D2AD2EBB-EE8C-4D43-A327-CF9241EBD76C}.Release|Any CPU.Build.0 = Release|Any CPU
		{7FED0CB3-32F8-42FE-87AD-535403CCF519}.Debug|Any CPU.ActiveCfg = Debug|Any CPU
		{7FED0CB3-32F8-42FE-87AD-535403CCF519}.Debug|Any CPU.Build.0 = Debug|Any CPU
		{7FED0CB3-32F8-42FE-87AD-535403CCF519}.Release|Any CPU.ActiveCfg = Release|Any CPU
		{7FED0CB3-32F8-42FE-87AD-535403CCF519}.Release|Any CPU.Build.0 = Release|Any CPU
		{3706A5C4-55CC-4A95-AA16-9B3A101685B5}.Debug|Any CPU.ActiveCfg = Debug|Any CPU
		{3706A5C4-55CC-4A95-AA16-9B3A101685B5}.Debug|Any CPU.Build.0 = Debug|Any CPU
		{3706A5C4-55CC-4A95-AA16-9B3A101685B5}.Release|Any CPU.ActiveCfg = Release|Any CPU
		{3706A5C4-55CC-4A95-AA16-9B3A101685B5}.Release|Any CPU.Build.0 = Release|Any CPU
		{547F3063-219F-4694-8CD5-1FCF2E9BBD76}.Debug|Any CPU.ActiveCfg = Debug|Any CPU
		{547F3063-219F-4694-8CD5-1FCF2E9BBD76}.Debug|Any CPU.Build.0 = Debug|Any CPU
		{547F3063-219F-4694-8CD5-1FCF2E9BBD76}.Release|Any CPU.ActiveCfg = Release|Any CPU
		{547F3063-219F-4694-8CD5-1FCF2E9BBD76}.Release|Any CPU.Build.0 = Release|Any CPU
	EndGlobalSection
	GlobalSection(SolutionProperties) = preSolution
		HideSolutionNode = FALSE
	EndGlobalSection
	GlobalSection(ExtensibilityGlobals) = postSolution
		SolutionGuid = {0D62F602-4D07-409A-8995-8C8B2498E497}
	EndGlobalSection
EndGlobal
